
Microsoft Visual Studio Solution File, Format Version 12.00
# Visual Studio 15
VisualStudioVersion = 15.0.27428.2043
MinimumVisualStudioVersion = 10.0.40219.1
Project("{FAE04EC0-301F-11D3-BF4B-00C04F79EFBC}") = "Flashcards", "Flashcards\Flashcards.csproj", "{D7818DD2-8C28-4706-9E3B-37F2DE2CC3BE}"
EndProject
Global
	GlobalSection(SolutionConfigurationPlatforms) = preSolution
		Debug|Any CPU = Debug|Any CPU
		Release|Any CPU = Release|Any CPU
	EndGlobalSection
	GlobalSection(ProjectConfigurationPlatforms) = postSolution
		{D7818DD2-8C28-4706-9E3B-37F2DE2CC3BE}.Debug|Any CPU.ActiveCfg = Debug|Any CPU
		{D7818DD2-8C28-4706-9E3B-37F2DE2CC3BE}.Debug|Any CPU.Build.0 = Debug|Any CPU
		{D7818DD2-8C28-4706-9E3B-37F2DE2CC3BE}.Release|Any CPU.ActiveCfg = Release|Any CPU
		{D7818DD2-8C28-4706-9E3B-37F2DE2CC3BE}.Release|Any CPU.Build.0 = Release|Any CPU
	EndGlobalSection
	GlobalSection(SolutionProperties) = preSolution
		HideSolutionNode = FALSE
	EndGlobalSection
	GlobalSection(ExtensibilityGlobals) = postSolution
		SolutionGuid = {B7442B0A-CDE9-44E7-846A-A5CC4C1E94CD}
	EndGlobalSection
EndGlobal
