
Microsoft Visual Studio Solution File, Format Version 12.00
# Visual Studio 15
VisualStudioVersion = 15.0.27130.2036
MinimumVisualStudioVersion = 10.0.40219.1
Project("{9A19103F-16F7-4668-BE54-9A1E7A4F7556}") = "NaturalLanguageProcessing", "NaturalLanguageProcessing\NaturalLanguageProcessing.csproj", "{43B41817-327B-4DA9-9C4E-BD66465466C2}"
EndProject
Project("{9A19103F-16F7-4668-BE54-9A1E7A4F7556}") = "ArtificialBrain", "ArtificialBrain\ArtificialBrain.csproj", "{16E2D37F-B0B6-49BD-9A28-C7CAB3C38BD4}"
EndProject
Project("{2150E333-8FDC-42A3-9474-1A3956D46DE8}") = "Testing Folder", "Testing Folder", "{04A571A4-5439-4F77-A423-D70D8AD46A24}"
EndProject
Project("{9A19103F-16F7-4668-BE54-9A1E7A4F7556}") = "Artificial Brain Testbench", "Artificial Brain Testbench\Artificial Brain Testbench.csproj", "{6C5EAA97-554E-4E81-AC4D-DB79D435742F}"
EndProject
Project("{FAE04EC0-301F-11D3-BF4B-00C04F79EFBC}") = "WordNetDBToolkit", "WordNetDBToolkit\WordNetDBToolkit.csproj", "{FC7C0C8B-AB17-4843-B0AA-E06A0FFA21F9}"
EndProject
Global
	GlobalSection(SolutionConfigurationPlatforms) = preSolution
		Debug|Any CPU = Debug|Any CPU
		Release|Any CPU = Release|Any CPU
	EndGlobalSection
	GlobalSection(ProjectConfigurationPlatforms) = postSolution
		{43B41817-327B-4DA9-9C4E-BD66465466C2}.Debug|Any CPU.ActiveCfg = Debug|Any CPU
		{43B41817-327B-4DA9-9C4E-BD66465466C2}.Debug|Any CPU.Build.0 = Debug|Any CPU
		{43B41817-327B-4DA9-9C4E-BD66465466C2}.Release|Any CPU.ActiveCfg = Release|Any CPU
		{43B41817-327B-4DA9-9C4E-BD66465466C2}.Release|Any CPU.Build.0 = Release|Any CPU
		{16E2D37F-B0B6-49BD-9A28-C7CAB3C38BD4}.Debug|Any CPU.ActiveCfg = Debug|Any CPU
		{16E2D37F-B0B6-49BD-9A28-C7CAB3C38BD4}.Debug|Any CPU.Build.0 = Debug|Any CPU
		{16E2D37F-B0B6-49BD-9A28-C7CAB3C38BD4}.Release|Any CPU.ActiveCfg = Release|Any CPU
		{16E2D37F-B0B6-49BD-9A28-C7CAB3C38BD4}.Release|Any CPU.Build.0 = Release|Any CPU
		{6C5EAA97-554E-4E81-AC4D-DB79D435742F}.Debug|Any CPU.ActiveCfg = Debug|Any CPU
		{6C5EAA97-554E-4E81-AC4D-DB79D435742F}.Debug|Any CPU.Build.0 = Debug|Any CPU
		{6C5EAA97-554E-4E81-AC4D-DB79D435742F}.Release|Any CPU.ActiveCfg = Release|Any CPU
		{6C5EAA97-554E-4E81-AC4D-DB79D435742F}.Release|Any CPU.Build.0 = Release|Any CPU
		{FC7C0C8B-AB17-4843-B0AA-E06A0FFA21F9}.Debug|Any CPU.ActiveCfg = Debug|Any CPU
		{FC7C0C8B-AB17-4843-B0AA-E06A0FFA21F9}.Debug|Any CPU.Build.0 = Debug|Any CPU
		{FC7C0C8B-AB17-4843-B0AA-E06A0FFA21F9}.Release|Any CPU.ActiveCfg = Release|Any CPU
		{FC7C0C8B-AB17-4843-B0AA-E06A0FFA21F9}.Release|Any CPU.Build.0 = Release|Any CPU
	EndGlobalSection
	GlobalSection(SolutionProperties) = preSolution
		HideSolutionNode = FALSE
	EndGlobalSection
	GlobalSection(NestedProjects) = preSolution
		{6C5EAA97-554E-4E81-AC4D-DB79D435742F} = {04A571A4-5439-4F77-A423-D70D8AD46A24}
	EndGlobalSection
	GlobalSection(ExtensibilityGlobals) = postSolution
		SolutionGuid = {2B791054-2DA6-401B-9FDA-195E0DF28F6E}
	EndGlobalSection
EndGlobal
