
Microsoft Visual Studio Solution File, Format Version 12.00
# Visual Studio 15
VisualStudioVersion = 15.0.27130.2027
MinimumVisualStudioVersion = 10.0.40219.1
Project("{FAE04EC0-301F-11D3-BF4B-00C04F79EFBC}") = "JarvisFramework", "JarvisFramework\JarvisFramework.csproj", "{68916541-1EA0-4797-BCD2-6E81930E12B1}"
EndProject
Project("{FAE04EC0-301F-11D3-BF4B-00C04F79EFBC}") = "Server Testbench", "Server Testbench\Server Testbench.csproj", "{168F893B-84EE-46BC-95E0-47323FBBD064}"
EndProject
Global
	GlobalSection(SolutionConfigurationPlatforms) = preSolution
		Debug|Any CPU = Debug|Any CPU
		Release|Any CPU = Release|Any CPU
	EndGlobalSection
	GlobalSection(ProjectConfigurationPlatforms) = postSolution
		{68916541-1EA0-4797-BCD2-6E81930E12B1}.Debug|Any CPU.ActiveCfg = Debug|Any CPU
		{68916541-1EA0-4797-BCD2-6E81930E12B1}.Debug|Any CPU.Build.0 = Debug|Any CPU
		{68916541-1EA0-4797-BCD2-6E81930E12B1}.Release|Any CPU.ActiveCfg = Release|Any CPU
		{68916541-1EA0-4797-BCD2-6E81930E12B1}.Release|Any CPU.Build.0 = Release|Any CPU
		{168F893B-84EE-46BC-95E0-47323FBBD064}.Debug|Any CPU.ActiveCfg = Debug|Any CPU
		{168F893B-84EE-46BC-95E0-47323FBBD064}.Debug|Any CPU.Build.0 = Debug|Any CPU
		{168F893B-84EE-46BC-95E0-47323FBBD064}.Release|Any CPU.ActiveCfg = Release|Any CPU
		{168F893B-84EE-46BC-95E0-47323FBBD064}.Release|Any CPU.Build.0 = Release|Any CPU
	EndGlobalSection
	GlobalSection(SolutionProperties) = preSolution
		HideSolutionNode = FALSE
	EndGlobalSection
	GlobalSection(ExtensibilityGlobals) = postSolution
		SolutionGuid = {7F47540E-695F-421D-8C2B-6E122E5F1E10}
	EndGlobalSection
EndGlobal
