
Microsoft Visual Studio Solution File, Format Version 12.00
# Visual Studio 15
VisualStudioVersion = 15.0.27130.2020
MinimumVisualStudioVersion = 10.0.40219.1
Project("{9A19103F-16F7-4668-BE54-9A1E7A4F7556}") = "Debugging Testbench", "Debugging Testbench\Debugging Testbench.csproj", "{A71DCE96-8170-4E3B-9EE2-A3B4E2132995}"
EndProject
Project("{9A19103F-16F7-4668-BE54-9A1E7A4F7556}") = "ThreadHelperLibrary", "ThreadHelper Library\ThreadHelperLibrary.csproj", "{6CA43AA4-ECEE-4FBA-94EB-17D380D001DB}"
EndProject
Global
	GlobalSection(SolutionConfigurationPlatforms) = preSolution
		Debug|Any CPU = Debug|Any CPU
		Release|Any CPU = Release|Any CPU
	EndGlobalSection
	GlobalSection(ProjectConfigurationPlatforms) = postSolution
		{A71DCE96-8170-4E3B-9EE2-A3B4E2132995}.Debug|Any CPU.ActiveCfg = Debug|Any CPU
		{A71DCE96-8170-4E3B-9EE2-A3B4E2132995}.Debug|Any CPU.Build.0 = Debug|Any CPU
		{A71DCE96-8170-4E3B-9EE2-A3B4E2132995}.Release|Any CPU.ActiveCfg = Release|Any CPU
		{A71DCE96-8170-4E3B-9EE2-A3B4E2132995}.Release|Any CPU.Build.0 = Release|Any CPU
		{6CA43AA4-ECEE-4FBA-94EB-17D380D001DB}.Debug|Any CPU.ActiveCfg = Debug|Any CPU
		{6CA43AA4-ECEE-4FBA-94EB-17D380D001DB}.Debug|Any CPU.Build.0 = Debug|Any CPU
		{6CA43AA4-ECEE-4FBA-94EB-17D380D001DB}.Release|Any CPU.ActiveCfg = Release|Any CPU
		{6CA43AA4-ECEE-4FBA-94EB-17D380D001DB}.Release|Any CPU.Build.0 = Release|Any CPU
	EndGlobalSection
	GlobalSection(SolutionProperties) = preSolution
		HideSolutionNode = FALSE
	EndGlobalSection
	GlobalSection(ExtensibilityGlobals) = postSolution
		SolutionGuid = {3A38837C-83CE-44AA-AB02-7333B3E5B9DD}
	EndGlobalSection
EndGlobal
