
Microsoft Visual Studio Solution File, Format Version 12.00
# Visual Studio 15
VisualStudioVersion = 15.0.27130.2027
MinimumVisualStudioVersion = 10.0.40219.1
Project("{FAE04EC0-301F-11D3-BF4B-00C04F79EFBC}") = "Pathfinder Workshop", "Pathfinder Workshop\Pathfinder Workshop.csproj", "{54730199-6E01-46EF-93BD-E0FD0D574BD7}"
EndProject
Project("{FAE04EC0-301F-11D3-BF4B-00C04F79EFBC}") = "PCGenPlugin", "PCGenPlugin\PCGenPlugin.csproj", "{2DA5A162-360C-4E09-BC3F-E974CC299EC0}"
EndProject
Project("{FAE04EC0-301F-11D3-BF4B-00C04F79EFBC}") = "PCGenPluginLibrary", "PCGenPluginLibrary\PCGenPluginLibrary.csproj", "{5C2DD070-7BEF-4698-856F-A27C9694B6C5}"
EndProject
Global
	GlobalSection(SolutionConfigurationPlatforms) = preSolution
		Debug|Any CPU = Debug|Any CPU
		Release|Any CPU = Release|Any CPU
	EndGlobalSection
	GlobalSection(ProjectConfigurationPlatforms) = postSolution
		{54730199-6E01-46EF-93BD-E0FD0D574BD7}.Debug|Any CPU.ActiveCfg = Debug|Any CPU
		{54730199-6E01-46EF-93BD-E0FD0D574BD7}.Debug|Any CPU.Build.0 = Debug|Any CPU
		{54730199-6E01-46EF-93BD-E0FD0D574BD7}.Release|Any CPU.ActiveCfg = Release|Any CPU
		{54730199-6E01-46EF-93BD-E0FD0D574BD7}.Release|Any CPU.Build.0 = Release|Any CPU
		{2DA5A162-360C-4E09-BC3F-E974CC299EC0}.Debug|Any CPU.ActiveCfg = Debug|Any CPU
		{2DA5A162-360C-4E09-BC3F-E974CC299EC0}.Debug|Any CPU.Build.0 = Debug|Any CPU
		{2DA5A162-360C-4E09-BC3F-E974CC299EC0}.Release|Any CPU.ActiveCfg = Release|Any CPU
		{2DA5A162-360C-4E09-BC3F-E974CC299EC0}.Release|Any CPU.Build.0 = Release|Any CPU
		{5C2DD070-7BEF-4698-856F-A27C9694B6C5}.Debug|Any CPU.ActiveCfg = Debug|Any CPU
		{5C2DD070-7BEF-4698-856F-A27C9694B6C5}.Debug|Any CPU.Build.0 = Debug|Any CPU
		{5C2DD070-7BEF-4698-856F-A27C9694B6C5}.Release|Any CPU.ActiveCfg = Release|Any CPU
		{5C2DD070-7BEF-4698-856F-A27C9694B6C5}.Release|Any CPU.Build.0 = Release|Any CPU
	EndGlobalSection
	GlobalSection(SolutionProperties) = preSolution
		HideSolutionNode = FALSE
	EndGlobalSection
	GlobalSection(ExtensibilityGlobals) = postSolution
		SolutionGuid = {0D1F105C-D1BE-4969-893F-76E12104B4A0}
	EndGlobalSection
EndGlobal
