
Microsoft Visual Studio Solution File, Format Version 12.00
# Visual Studio 15
VisualStudioVersion = 15.0.27130.2027
MinimumVisualStudioVersion = 10.0.40219.1
Project("{FAE04EC0-301F-11D3-BF4B-00C04F79EFBC}") = "Debugging Application 2", "Debugging Application 2\Debugging Application 2.csproj", "{F8768F0B-E1A6-435A-B71C-42B27E939F00}"
EndProject
Project("{FAE04EC0-301F-11D3-BF4B-00C04F79EFBC}") = "Debugging Console App", "Debugging Console App\Debugging Console App.csproj", "{92F99C9E-32C5-43BF-A5DE-D09D4B4EAF9D}"
EndProject
Project("{FAE04EC0-301F-11D3-BF4B-00C04F79EFBC}") = "XOR Example", "XOR Example\XOR Example.csproj", "{E00219DA-7747-49F2-BF4F-088F4C966200}"
EndProject
Project("{FAE04EC0-301F-11D3-BF4B-00C04F79EFBC}") = "NeuralNetworkFundamentals", "NeuralNetworkFundamentals\NeuralNetworkFundamentals.csproj", "{8B12EC9A-3453-4C7A-9C30-211C5B1A9010}"
EndProject
Project("{FAE04EC0-301F-11D3-BF4B-00C04F79EFBC}") = "Single Neuron Debugging Testbench", "Neuron Debugging Testbench\Single Neuron Debugging Testbench.csproj", "{9EEA34CB-9CDA-46C9-AABD-64C0908B7552}"
EndProject
Global
	GlobalSection(SolutionConfigurationPlatforms) = preSolution
		Debug|Any CPU = Debug|Any CPU
		Release|Any CPU = Release|Any CPU
	EndGlobalSection
	GlobalSection(ProjectConfigurationPlatforms) = postSolution
		{F8768F0B-E1A6-435A-B71C-42B27E939F00}.Debug|Any CPU.ActiveCfg = Debug|Any CPU
		{F8768F0B-E1A6-435A-B71C-42B27E939F00}.Debug|Any CPU.Build.0 = Debug|Any CPU
		{F8768F0B-E1A6-435A-B71C-42B27E939F00}.Release|Any CPU.ActiveCfg = Release|Any CPU
		{F8768F0B-E1A6-435A-B71C-42B27E939F00}.Release|Any CPU.Build.0 = Release|Any CPU
		{92F99C9E-32C5-43BF-A5DE-D09D4B4EAF9D}.Debug|Any CPU.ActiveCfg = Debug|Any CPU
		{92F99C9E-32C5-43BF-A5DE-D09D4B4EAF9D}.Debug|Any CPU.Build.0 = Debug|Any CPU
		{92F99C9E-32C5-43BF-A5DE-D09D4B4EAF9D}.Release|Any CPU.ActiveCfg = Release|Any CPU
		{92F99C9E-32C5-43BF-A5DE-D09D4B4EAF9D}.Release|Any CPU.Build.0 = Release|Any CPU
		{E00219DA-7747-49F2-BF4F-088F4C966200}.Debug|Any CPU.ActiveCfg = Debug|Any CPU
		{E00219DA-7747-49F2-BF4F-088F4C966200}.Debug|Any CPU.Build.0 = Debug|Any CPU
		{E00219DA-7747-49F2-BF4F-088F4C966200}.Release|Any CPU.ActiveCfg = Release|Any CPU
		{E00219DA-7747-49F2-BF4F-088F4C966200}.Release|Any CPU.Build.0 = Release|Any CPU
		{8B12EC9A-3453-4C7A-9C30-211C5B1A9010}.Debug|Any CPU.ActiveCfg = Debug|Any CPU
		{8B12EC9A-3453-4C7A-9C30-211C5B1A9010}.Debug|Any CPU.Build.0 = Debug|Any CPU
		{8B12EC9A-3453-4C7A-9C30-211C5B1A9010}.Release|Any CPU.ActiveCfg = Release|Any CPU
		{8B12EC9A-3453-4C7A-9C30-211C5B1A9010}.Release|Any CPU.Build.0 = Release|Any CPU
		{9EEA34CB-9CDA-46C9-AABD-64C0908B7552}.Debug|Any CPU.ActiveCfg = Debug|Any CPU
		{9EEA34CB-9CDA-46C9-AABD-64C0908B7552}.Debug|Any CPU.Build.0 = Debug|Any CPU
		{9EEA34CB-9CDA-46C9-AABD-64C0908B7552}.Release|Any CPU.ActiveCfg = Release|Any CPU
		{9EEA34CB-9CDA-46C9-AABD-64C0908B7552}.Release|Any CPU.Build.0 = Release|Any CPU
	EndGlobalSection
	GlobalSection(SolutionProperties) = preSolution
		HideSolutionNode = FALSE
	EndGlobalSection
	GlobalSection(ExtensibilityGlobals) = postSolution
		SolutionGuid = {83D1F70B-EC1A-4FD6-966B-4CE0BBCDB6D0}
	EndGlobalSection
EndGlobal
